
Microsoft Visual Studio Solution File, Format Version 12.00
# Visual Studio Version 17
VisualStudioVersion = 17.3.32901.215
MinimumVisualStudioVersion = 10.0.40219.1
Project("{FAE04EC0-301F-11D3-BF4B-00C04F79EFBC}") = "ShoppingHelper", "ShoppingHelper\ShoppingHelper.csproj", "{B97C37A4-145E-4272-8D80-4BADE862C80A}"
EndProject
Project("{FAE04EC0-301F-11D3-BF4B-00C04F79EFBC}") = "ShoppingHelper.Tests", "ShoppingHelper.Tests\ShoppingHelper.Tests.csproj", "{4F55B5E0-00D9-4845-A9A2-14C4B87B3B1E}"
EndProject
Global
	GlobalSection(SolutionConfigurationPlatforms) = preSolution
		Debug|Any CPU = Debug|Any CPU
		Release|Any CPU = Release|Any CPU
	EndGlobalSection
	GlobalSection(ProjectConfigurationPlatforms) = postSolution
		{B97C37A4-145E-4272-8D80-4BADE862C80A}.Debug|Any CPU.ActiveCfg = Debug|Any CPU
		{B97C37A4-145E-4272-8D80-4BADE862C80A}.Debug|Any CPU.Build.0 = Debug|Any CPU
		{B97C37A4-145E-4272-8D80-4BADE862C80A}.Release|Any CPU.ActiveCfg = Release|Any CPU
		{B97C37A4-145E-4272-8D80-4BADE862C80A}.Release|Any CPU.Build.0 = Release|Any CPU
		{4F55B5E0-00D9-4845-A9A2-14C4B87B3B1E}.Debug|Any CPU.ActiveCfg = Debug|Any CPU
		{4F55B5E0-00D9-4845-A9A2-14C4B87B3B1E}.Debug|Any CPU.Build.0 = Debug|Any CPU
		{4F55B5E0-00D9-4845-A9A2-14C4B87B3B1E}.Release|Any CPU.ActiveCfg = Release|Any CPU
		{4F55B5E0-00D9-4845-A9A2-14C4B87B3B1E}.Release|Any CPU.Build.0 = Release|Any CPU
	EndGlobalSection
	GlobalSection(SolutionProperties) = preSolution
		HideSolutionNode = FALSE
	EndGlobalSection
	GlobalSection(ExtensibilityGlobals) = postSolution
		SolutionGuid = {2C6E69AA-2F85-49BA-9E95-C0EBD2EEEC38}
	EndGlobalSection
EndGlobal
